
Microsoft Visual Studio Solution File, Format Version 12.00
# Visual Studio 15
VisualStudioVersion = 15.0.26124.0
MinimumVisualStudioVersion = 15.0.26124.0
Project("{2150E333-8FDC-42A3-9474-1A3956D46DE8}") = "src", "src", "{7EB33119-8458-4842-B38E-D784E2C1BE7A}"
EndProject
Project("{FAE04EC0-301F-11D3-BF4B-00C04F79EFBC}") = "GamesApi.Client", "src\GamesApi.Client\GamesApi.Client.csproj", "{C3DE8A4E-F287-4DF9-AB62-F89243E182AD}"
EndProject
Project("{2150E333-8FDC-42A3-9474-1A3956D46DE8}") = "test", "test", "{BB19FCCD-39E6-4B35-A0B5-D7F046B17162}"
EndProject
Project("{FAE04EC0-301F-11D3-BF4B-00C04F79EFBC}") = "GamesApi.Client.Test", "test\GamesApi.Client.Test\GamesApi.Client.Test.csproj", "{B115E258-914D-4FEB-9703-63ADDAC5ADAF}"
EndProject
Global
	GlobalSection(SolutionConfigurationPlatforms) = preSolution
		Debug|Any CPU = Debug|Any CPU
		Debug|x64 = Debug|x64
		Debug|x86 = Debug|x86
		Release|Any CPU = Release|Any CPU
		Release|x64 = Release|x64
		Release|x86 = Release|x86
	EndGlobalSection
	GlobalSection(SolutionProperties) = preSolution
		HideSolutionNode = FALSE
	EndGlobalSection
	GlobalSection(ProjectConfigurationPlatforms) = postSolution
		{C3DE8A4E-F287-4DF9-AB62-F89243E182AD}.Debug|Any CPU.ActiveCfg = Debug|Any CPU
		{C3DE8A4E-F287-4DF9-AB62-F89243E182AD}.Debug|Any CPU.Build.0 = Debug|Any CPU
		{C3DE8A4E-F287-4DF9-AB62-F89243E182AD}.Debug|x64.ActiveCfg = Debug|x64
		{C3DE8A4E-F287-4DF9-AB62-F89243E182AD}.Debug|x64.Build.0 = Debug|x64
		{C3DE8A4E-F287-4DF9-AB62-F89243E182AD}.Debug|x86.ActiveCfg = Debug|x86
		{C3DE8A4E-F287-4DF9-AB62-F89243E182AD}.Debug|x86.Build.0 = Debug|x86
		{C3DE8A4E-F287-4DF9-AB62-F89243E182AD}.Release|Any CPU.ActiveCfg = Release|Any CPU
		{C3DE8A4E-F287-4DF9-AB62-F89243E182AD}.Release|Any CPU.Build.0 = Release|Any CPU
		{C3DE8A4E-F287-4DF9-AB62-F89243E182AD}.Release|x64.ActiveCfg = Release|x64
		{C3DE8A4E-F287-4DF9-AB62-F89243E182AD}.Release|x64.Build.0 = Release|x64
		{C3DE8A4E-F287-4DF9-AB62-F89243E182AD}.Release|x86.ActiveCfg = Release|x86
		{C3DE8A4E-F287-4DF9-AB62-F89243E182AD}.Release|x86.Build.0 = Release|x86
		{B115E258-914D-4FEB-9703-63ADDAC5ADAF}.Debug|Any CPU.ActiveCfg = Debug|Any CPU
		{B115E258-914D-4FEB-9703-63ADDAC5ADAF}.Debug|Any CPU.Build.0 = Debug|Any CPU
		{B115E258-914D-4FEB-9703-63ADDAC5ADAF}.Debug|x64.ActiveCfg = Debug|x64
		{B115E258-914D-4FEB-9703-63ADDAC5ADAF}.Debug|x64.Build.0 = Debug|x64
		{B115E258-914D-4FEB-9703-63ADDAC5ADAF}.Debug|x86.ActiveCfg = Debug|x86
		{B115E258-914D-4FEB-9703-63ADDAC5ADAF}.Debug|x86.Build.0 = Debug|x86
		{B115E258-914D-4FEB-9703-63ADDAC5ADAF}.Release|Any CPU.ActiveCfg = Release|Any CPU
		{B115E258-914D-4FEB-9703-63ADDAC5ADAF}.Release|Any CPU.Build.0 = Release|Any CPU
		{B115E258-914D-4FEB-9703-63ADDAC5ADAF}.Release|x64.ActiveCfg = Release|x64
		{B115E258-914D-4FEB-9703-63ADDAC5ADAF}.Release|x64.Build.0 = Release|x64
		{B115E258-914D-4FEB-9703-63ADDAC5ADAF}.Release|x86.ActiveCfg = Release|x86
		{B115E258-914D-4FEB-9703-63ADDAC5ADAF}.Release|x86.Build.0 = Release|x86
	EndGlobalSection
	GlobalSection(NestedProjects) = preSolution
		{C3DE8A4E-F287-4DF9-AB62-F89243E182AD} = {7EB33119-8458-4842-B38E-D784E2C1BE7A}
		{B115E258-914D-4FEB-9703-63ADDAC5ADAF} = {BB19FCCD-39E6-4B35-A0B5-D7F046B17162}
	EndGlobalSection
EndGlobal
